<?xml version="1.0" encoding="utf-8"?>
<Project ToolsVersion="4.0" xmlns="http://schemas.microsoft.com/developer/msbuild/2003">
  <ItemGroup>
    <Filter Include="Source Files">
      <UniqueIdentifier>{4FC737F1-C7A5-4376-A066-2A32D752A2FF}</UniqueIdentifier>
      <Extensions>cpp;c;cc;cxx;def;odl;idl;hpj;bat;asm;asmx</Extensions>
    </Filter>
    <Filter Include="Header Files">
      <UniqueIdentifier>{93995380-89BD-4b04-88EB-625FBE52EBFB}</UniqueIdentifier>
      <Extensions>h;hpp;hxx;hm;inl;inc;xsd</Extensions>
    </Filter>
    <Filter Include="Resource Files">
      <UniqueIdentifier>{67DA6AB6-F800-4c08-8B7A-83BB121AAD01}</UniqueIdentifier>
      <Extensions>rc;ico;cur;bmp;dlg;rc2;rct;bin;rgs;gif;jpg;jpeg;jpe;resx;tiff;tif;png;wav;mfcribbon-ms</Extensions>
    </Filter>
    <Filter Include="Source Files\Geometry">
      <UniqueIdentifier>{02dd0bc6-a6d3-4e68-ab63-1e47ffe21f69}</UniqueIdentifier>
    </Filter>
    <Filter Include="Source Files\String_Datastructures">
      <UniqueIdentifier>{17b8d15d-5fb6-4c80-875f-b80fbb299013}</UniqueIdentifier>
    </Filter>
    <Filter Include="Source Files\String_Matching">
      <UniqueIdentifier>{aa58836c-3947-4d6f-bd8f-bacf336fcec4}</UniqueIdentifier>
    </Filter>
    <Filter Include="Source Files\Number_Theory">
      <UniqueIdentifier>{06b0eab9-90dd-444d-9e4b-b875fe8faec1}</UniqueIdentifier>
    </Filter>
    <Filter Include="Source Files\Graph">
      <UniqueIdentifier>{96e3ccd3-8d33-4e14-a59e-634eae26c16f}</UniqueIdentifier>
    </Filter>
    <Filter Include="Source Files\Datastructures">
      <UniqueIdentifier>{eab7472d-b1b1-4072-a5eb-52ea85d4219b}</UniqueIdentifier>
    </Filter>
    <Filter Include="Source Files\Game Theory">
      <UniqueIdentifier>{75f0f22d-7505-4bb4-83c8-2ada84dd6308}</UniqueIdentifier>
    </Filter>
  </ItemGroup>
  <ItemGroup>
    <ClCompile Include="MonotonicQueue.cpp">
      <Filter>Source Files\Datastructures</Filter>
    </ClCompile>
    <ClCompile Include="Grundy Numbers.cpp">
      <Filter>Source Files\Game Theory</Filter>
    </ClCompile>
  </ItemGroup>
</Project>